
Microsoft Visual Studio Solution File, Format Version 12.00
# Visual Studio Version 16
VisualStudioVersion = 16.0.29519.87
MinimumVisualStudioVersion = 10.0.40219.1
Project("{FAE04EC0-301F-11D3-BF4B-00C04F79EFBC}") = "chem-site", "chem-site.csproj", "{702DF0BF-828D-4FF0-A03A-A7DE0A977ECE}"
EndProject
Global
	GlobalSection(SolutionConfigurationPlatforms) = preSolution
		Debug|Any CPU = Debug|Any CPU
		Release|Any CPU = Release|Any CPU
	EndGlobalSection
	GlobalSection(ProjectConfigurationPlatforms) = postSolution
		{702DF0BF-828D-4FF0-A03A-A7DE0A977ECE}.Debug|Any CPU.ActiveCfg = Debug|Any CPU
		{702DF0BF-828D-4FF0-A03A-A7DE0A977ECE}.Debug|Any CPU.Build.0 = Debug|Any CPU
		{702DF0BF-828D-4FF0-A03A-A7DE0A977ECE}.Release|Any CPU.ActiveCfg = Release|Any CPU
		{702DF0BF-828D-4FF0-A03A-A7DE0A977ECE}.Release|Any CPU.Build.0 = Release|Any CPU
	EndGlobalSection
	GlobalSection(SolutionProperties) = preSolution
		HideSolutionNode = FALSE
	EndGlobalSection
	GlobalSection(ExtensibilityGlobals) = postSolution
		SolutionGuid = {7196E3AD-4196-4B67-9040-CFF4A91C0DBA}
	EndGlobalSection
EndGlobal
